
Microsoft Visual Studio Solution File, Format Version 12.00
# Visual Studio Version 17
VisualStudioVersion = 17.9.34622.214
MinimumVisualStudioVersion = 10.0.40219.1
Project("{FAE04EC0-301F-11D3-BF4B-00C04F79EFBC}") = "ImageSave", "ImageSave\ImageSave.csproj", "{F013AA95-A11B-40FC-B292-F851A47795BD}"
EndProject
Global
	GlobalSection(SolutionConfigurationPlatforms) = preSolution
		Debug|Any CPU = Debug|Any CPU
		Release|Any CPU = Release|Any CPU
	EndGlobalSection
	GlobalSection(ProjectConfigurationPlatforms) = postSolution
		{F013AA95-A11B-40FC-B292-F851A47795BD}.Debug|Any CPU.ActiveCfg = Debug|Any CPU
		{F013AA95-A11B-40FC-B292-F851A47795BD}.Debug|Any CPU.Build.0 = Debug|Any CPU
		{F013AA95-A11B-40FC-B292-F851A47795BD}.Release|Any CPU.ActiveCfg = Release|Any CPU
		{F013AA95-A11B-40FC-B292-F851A47795BD}.Release|Any CPU.Build.0 = Release|Any CPU
	EndGlobalSection
	GlobalSection(SolutionProperties) = preSolution
		HideSolutionNode = FALSE
	EndGlobalSection
	GlobalSection(ExtensibilityGlobals) = postSolution
		SolutionGuid = {F9CB8877-DA08-4105-BBF0-A41DF1B1A7F0}
	EndGlobalSection
EndGlobal
